
Microsoft Visual Studio Solution File, Format Version 12.00
# Visual Studio Version 17
VisualStudioVersion = 17.7.34031.279
MinimumVisualStudioVersion = 10.0.40219.1
Project("{9A19103F-16F7-4668-BE54-9A1E7A4F7556}") = "TestIdentity", "TestIdentity.csproj", "{2D1AA68A-A729-40D6-A966-D0C0A142B009}"
EndProject
Project("{2150E333-8FDC-42A3-9474-1A3956D46DE8}") = "Elementos de la solución", "Elementos de la solución", "{E6649B66-C722-4991-9F88-C9292DE5C8EA}"
	ProjectSection(SolutionItems) = preProject
		.env = .env
		.env.example = .env.example
		docker-compose-build.yaml = docker-compose-build.yaml
		docker-compose.yaml = docker-compose.yaml
		nginx.conf = nginx.conf
		README.md = README.md
	EndProjectSection
EndProject
Project("{FAE04EC0-301F-11D3-BF4B-00C04F79EFBC}") = "TestIdentity.IntegrationTests", "TestIdentity.IntegrationTests\TestIdentity.IntegrationTests.csproj", "{9E794592-E625-430A-8422-DD693479CCB2}"
EndProject
Global
	GlobalSection(SolutionConfigurationPlatforms) = preSolution
		Debug|Any CPU = Debug|Any CPU
		Debug|x64 = Debug|x64
		Debug|x86 = Debug|x86
		Release|Any CPU = Release|Any CPU
		Release|x64 = Release|x64
		Release|x86 = Release|x86
	EndGlobalSection
	GlobalSection(ProjectConfigurationPlatforms) = postSolution
		{2D1AA68A-A729-40D6-A966-D0C0A142B009}.Debug|Any CPU.ActiveCfg = Debug|Any CPU
		{2D1AA68A-A729-40D6-A966-D0C0A142B009}.Debug|Any CPU.Build.0 = Debug|Any CPU
		{2D1AA68A-A729-40D6-A966-D0C0A142B009}.Debug|x64.ActiveCfg = Debug|Any CPU
		{2D1AA68A-A729-40D6-A966-D0C0A142B009}.Debug|x64.Build.0 = Debug|Any CPU
		{2D1AA68A-A729-40D6-A966-D0C0A142B009}.Debug|x86.ActiveCfg = Debug|Any CPU
		{2D1AA68A-A729-40D6-A966-D0C0A142B009}.Debug|x86.Build.0 = Debug|Any CPU
		{2D1AA68A-A729-40D6-A966-D0C0A142B009}.Release|Any CPU.ActiveCfg = Release|Any CPU
		{2D1AA68A-A729-40D6-A966-D0C0A142B009}.Release|Any CPU.Build.0 = Release|Any CPU
		{2D1AA68A-A729-40D6-A966-D0C0A142B009}.Release|x64.ActiveCfg = Release|Any CPU
		{2D1AA68A-A729-40D6-A966-D0C0A142B009}.Release|x64.Build.0 = Release|Any CPU
		{2D1AA68A-A729-40D6-A966-D0C0A142B009}.Release|x86.ActiveCfg = Release|Any CPU
		{2D1AA68A-A729-40D6-A966-D0C0A142B009}.Release|x86.Build.0 = Release|Any CPU
		{9E794592-E625-430A-8422-DD693479CCB2}.Debug|Any CPU.ActiveCfg = Debug|Any CPU
		{9E794592-E625-430A-8422-DD693479CCB2}.Debug|Any CPU.Build.0 = Debug|Any CPU
		{9E794592-E625-430A-8422-DD693479CCB2}.Debug|x64.ActiveCfg = Debug|Any CPU
		{9E794592-E625-430A-8422-DD693479CCB2}.Debug|x64.Build.0 = Debug|Any CPU
		{9E794592-E625-430A-8422-DD693479CCB2}.Debug|x86.ActiveCfg = Debug|Any CPU
		{9E794592-E625-430A-8422-DD693479CCB2}.Debug|x86.Build.0 = Debug|Any CPU
		{9E794592-E625-430A-8422-DD693479CCB2}.Release|Any CPU.ActiveCfg = Release|Any CPU
		{9E794592-E625-430A-8422-DD693479CCB2}.Release|Any CPU.Build.0 = Release|Any CPU
		{9E794592-E625-430A-8422-DD693479CCB2}.Release|x64.ActiveCfg = Release|Any CPU
		{9E794592-E625-430A-8422-DD693479CCB2}.Release|x64.Build.0 = Release|Any CPU
		{9E794592-E625-430A-8422-DD693479CCB2}.Release|x86.ActiveCfg = Release|Any CPU
		{9E794592-E625-430A-8422-DD693479CCB2}.Release|x86.Build.0 = Release|Any CPU
	EndGlobalSection
	GlobalSection(SolutionProperties) = preSolution
		HideSolutionNode = FALSE
	EndGlobalSection
	GlobalSection(ExtensibilityGlobals) = postSolution
		SolutionGuid = {7790AFB6-89E3-490B-B134-4CD914B25ACA}
	EndGlobalSection
EndGlobal
